
Microsoft Visual Studio Solution File, Format Version 12.00
# Visual Studio Version 16
VisualStudioVersion = 16.0.29411.108
MinimumVisualStudioVersion = 10.0.40219.1
Project("{8BC9CEB8-8B4A-11D0-8D11-00A0C91BC942}") = "15 112984. Гоблины и шаманы", "15 112984. Гоблины и шаманы.vcxproj", "{408E30DA-8CC3-4D99-89F5-CA3B1718CDD7}"
EndProject
Global
	GlobalSection(SolutionConfigurationPlatforms) = preSolution
		Debug|x64 = Debug|x64
		Debug|x86 = Debug|x86
		Release|x64 = Release|x64
		Release|x86 = Release|x86
	EndGlobalSection
	GlobalSection(ProjectConfigurationPlatforms) = postSolution
		{408E30DA-8CC3-4D99-89F5-CA3B1718CDD7}.Debug|x64.ActiveCfg = Debug|x64
		{408E30DA-8CC3-4D99-89F5-CA3B1718CDD7}.Debug|x64.Build.0 = Debug|x64
		{408E30DA-8CC3-4D99-89F5-CA3B1718CDD7}.Debug|x86.ActiveCfg = Debug|Win32
		{408E30DA-8CC3-4D99-89F5-CA3B1718CDD7}.Debug|x86.Build.0 = Debug|Win32
		{408E30DA-8CC3-4D99-89F5-CA3B1718CDD7}.Release|x64.ActiveCfg = Release|x64
		{408E30DA-8CC3-4D99-89F5-CA3B1718CDD7}.Release|x64.Build.0 = Release|x64
		{408E30DA-8CC3-4D99-89F5-CA3B1718CDD7}.Release|x86.ActiveCfg = Release|Win32
		{408E30DA-8CC3-4D99-89F5-CA3B1718CDD7}.Release|x86.Build.0 = Release|Win32
	EndGlobalSection
	GlobalSection(SolutionProperties) = preSolution
		HideSolutionNode = FALSE
	EndGlobalSection
	GlobalSection(ExtensibilityGlobals) = postSolution
		SolutionGuid = {4D211891-D13E-47E0-8064-FC85DD941330}
	EndGlobalSection
EndGlobal
